PODS:
  - Alamofire (3.1.1)
  - DZNEmptyDataSet (1.7.2)
  - JVFloatLabeledTextField (1.1.0)
  - Locksmith (2.0.2)
  - Moya (4.1.0):
    - Moya/Core (= 4.1.0)
  - Moya/Core (4.1.0):
    - Alamofire (~> 3.0)
  - Nimble (2.0.0-rc.3)
  - Quick (0.6.0)
  - Socket.IO-Client-Swift (3.0.2)
  - SwiftyJSON (2.3.1)

DEPENDENCIES:
  - DZNEmptyDataSet
  - JVFloatLabeledTextField
  - Locksmith
  - Moya
  - Nimble (= 2.0.0-rc.3)
  - Quick (~> 0.6.0)
  - Socket.IO-Client-Swift (~> 3.0.2)
  - SwiftyJSON

SPEC CHECKSUMS:
  Alamofire: 9b0a7188b961a03914a99304488bd226b0e46c0e
  DZNEmptyDataSet: 0ec00bfc230d7450997b60c127afdd0b9f24f3b6
  JVFloatLabeledTextField: ea4a3d8387ddd43724c472bb2b8ab39b79af05d4
  Locksmith: 7f2b68448449a7712348f9a4ed60604c1cc8dfa6
  Moya: 83fe7bb268bc4cd5cb7ab00130eed4741b1683c0
  Nimble: 9dff98ee195ffe7351d3b2fb01d3a1420fd97948
  Quick: 563686dbcf0ae0f9f7401ac9cd2d786ee1b7f3d7
  Socket.IO-Client-Swift: c68c105ee88d03d4610be8764f2e13ca2908de63
  SwiftyJSON: 592b53bee5ef3dd9b3bebc6b9cb7ee35426ae8c3

COCOAPODS: 0.39.0
